
Microsoft Visual Studio Solution File, Format Version 12.00
# Visual Studio Version 17
VisualStudioVersion = 17.0.32014.148
MinimumVisualStudioVersion = 10.0.40219.1
Project("{FAE04EC0-301F-11D3-BF4B-00C04F79EFBC}") = "WebAPI2", "WebAPI2\WebAPI2.csproj", "{F20F937B-EF95-46BF-8C52-58FCC9007DB6}"
EndProject
Global
	GlobalSection(SolutionConfigurationPlatforms) = preSolution
		Debug|Any CPU = Debug|Any CPU
		Release|Any CPU = Release|Any CPU
	EndGlobalSection
	GlobalSection(ProjectConfigurationPlatforms) = postSolution
		{F20F937B-EF95-46BF-8C52-58FCC9007DB6}.Debug|Any CPU.ActiveCfg = Debug|Any CPU
		{F20F937B-EF95-46BF-8C52-58FCC9007DB6}.Debug|Any CPU.Build.0 = Debug|Any CPU
		{F20F937B-EF95-46BF-8C52-58FCC9007DB6}.Release|Any CPU.ActiveCfg = Release|Any CPU
		{F20F937B-EF95-46BF-8C52-58FCC9007DB6}.Release|Any CPU.Build.0 = Release|Any CPU
	EndGlobalSection
	GlobalSection(SolutionProperties) = preSolution
		HideSolutionNode = FALSE
	EndGlobalSection
	GlobalSection(ExtensibilityGlobals) = postSolution
		SolutionGuid = {07B2F060-325D-4737-8FE9-A5F840B5DF1F}
	EndGlobalSection
EndGlobal
